
Microsoft Visual Studio Solution File, Format Version 12.00
# Visual Studio Version 16
VisualStudioVersion = 16.0.31729.503
MinimumVisualStudioVersion = 10.0.40219.1
Project("{FAE04EC0-301F-11D3-BF4B-00C04F79EFBC}") = "Coursework1", "Coursework1.csproj", "{F2918114-961C-49F4-A2FA-29C57DC5D2D2}"
EndProject
Global
	GlobalSection(SolutionConfigurationPlatforms) = preSolution
		Debug|Any CPU = Debug|Any CPU
		Release|Any CPU = Release|Any CPU
	EndGlobalSection
	GlobalSection(ProjectConfigurationPlatforms) = postSolution
		{F2918114-961C-49F4-A2FA-29C57DC5D2D2}.Debug|Any CPU.ActiveCfg = Debug|Any CPU
		{F2918114-961C-49F4-A2FA-29C57DC5D2D2}.Debug|Any CPU.Build.0 = Debug|Any CPU
		{F2918114-961C-49F4-A2FA-29C57DC5D2D2}.Release|Any CPU.ActiveCfg = Release|Any CPU
		{F2918114-961C-49F4-A2FA-29C57DC5D2D2}.Release|Any CPU.Build.0 = Release|Any CPU
	EndGlobalSection
	GlobalSection(SolutionProperties) = preSolution
		HideSolutionNode = FALSE
	EndGlobalSection
	GlobalSection(ExtensibilityGlobals) = postSolution
		SolutionGuid = {97D88FF4-4E66-4F59-87F6-FC08582323CF}
	EndGlobalSection
EndGlobal
